
Microsoft Visual Studio Solution File, Format Version 12.00
# Visual Studio Version 16
VisualStudioVersion = 16.0.29424.173
MinimumVisualStudioVersion = 10.0.40219.1
Project("{8BC9CEB8-8B4A-11D0-8D11-00A0C91BC942}") = "OperatingSystem", "OperatingSystem\OperatingSystem.vcxproj", "{4CA6842B-F4AB-417A-A8CE-E903393ECC55}"
EndProject
Project("{2150E333-8FDC-42A3-9474-1A3956D46DE8}") = "BlogPosting", "BlogPosting", "{56AACD2C-0907-4494-8EE9-77A1FBC88BD2}"
EndProject
Project("{8BC9CEB8-8B4A-11D0-8D11-00A0C91BC942}") = "C++", "C++\C++.vcxproj", "{E3A72B50-D194-4499-B61A-C0E96FFE86CF}"
EndProject
Project("{FAE04EC0-301F-11D3-BF4B-00C04F79EFBC}") = "CSharp", "CSharp\CSharp.csproj", "{EAAD31B2-626B-4F64-9A4E-F2AF55268D44}"
EndProject
Project("{8BC9CEB8-8B4A-11D0-8D11-00A0C91BC942}") = "DataStructure", "DataStructure\DataStructure.vcxproj", "{C31494BC-AB9A-4C89-9703-3EB727B17868}"
EndProject
Project("{8BC9CEB8-8B4A-11D0-8D11-00A0C91BC942}") = "C++STL", "C++STL\C++STL.vcxproj", "{3821F0C4-E9D7-4E84-AAAF-4EC10CB7421D}"
EndProject
Project("{8BC9CEB8-8B4A-11D0-8D11-00A0C91BC942}") = "OpenCV_Linux", "OpenCV_Linux\OpenCV_Linux.vcxproj", "{1A10AE05-71FB-47C5-8657-4DCFA34097E3}"
EndProject
Project("{8BC9CEB8-8B4A-11D0-8D11-00A0C91BC942}") = "Problem_Solving", "Problem_Solving\Problem_Solving.vcxproj", "{94520867-2423-4F20-B604-6DF1ADCA26C9}"
EndProject
Project("{8BC9CEB8-8B4A-11D0-8D11-00A0C91BC942}") = "QT_tuto", "QT_tuto\QT_tuto.vcxproj", "{B12702AD-ABFB-343A-A199-8E24837244A3}"
EndProject
Project("{8BC9CEB8-8B4A-11D0-8D11-00A0C91BC942}") = "Parallel_programming", "Parallel_programming\Parallel_programming.vcxproj", "{2933B44B-4286-412C-AD25-05A551DCA7EB}"
EndProject
Project("{8BC9CEB8-8B4A-11D0-8D11-00A0C91BC942}") = "OpenCV412", "OpenCV412\OpenCV412.vcxproj", "{A8B808E2-0927-4893-BBDA-C4A5435AD189}"
EndProject
Project("{8BC9CEB8-8B4A-11D0-8D11-00A0C91BC942}") = "QT", "QT\QT.vcxproj", "{58FB2204-A938-4882-8E1F-8F11B91422F1}"
EndProject
Global
	GlobalSection(SolutionConfigurationPlatforms) = preSolution
		Debug|Any CPU = Debug|Any CPU
		Debug|ARM = Debug|ARM
		Debug|ARM64 = Debug|ARM64
		Debug|x64 = Debug|x64
		Debug|x86 = Debug|x86
		Release|Any CPU = Release|Any CPU
		Release|ARM = Release|ARM
		Release|ARM64 = Release|ARM64
		Release|x64 = Release|x64
		Release|x86 = Release|x86
	EndGlobalSection
	GlobalSection(ProjectConfigurationPlatforms) = postSolution
		{4CA6842B-F4AB-417A-A8CE-E903393ECC55}.Debug|Any CPU.ActiveCfg = Debug|Win32
		{4CA6842B-F4AB-417A-A8CE-E903393ECC55}.Debug|ARM.ActiveCfg = Debug|Win32
		{4CA6842B-F4AB-417A-A8CE-E903393ECC55}.Debug|ARM64.ActiveCfg = Debug|Win32
		{4CA6842B-F4AB-417A-A8CE-E903393ECC55}.Debug|x64.ActiveCfg = Debug|x64
		{4CA6842B-F4AB-417A-A8CE-E903393ECC55}.Debug|x64.Build.0 = Debug|x64
		{4CA6842B-F4AB-417A-A8CE-E903393ECC55}.Debug|x86.ActiveCfg = Debug|Win32
		{4CA6842B-F4AB-417A-A8CE-E903393ECC55}.Debug|x86.Build.0 = Debug|Win32
		{4CA6842B-F4AB-417A-A8CE-E903393ECC55}.Release|Any CPU.ActiveCfg = Release|Win32
		{4CA6842B-F4AB-417A-A8CE-E903393ECC55}.Release|ARM.ActiveCfg = Release|Win32
		{4CA6842B-F4AB-417A-A8CE-E903393ECC55}.Release|ARM64.ActiveCfg = Release|Win32
		{4CA6842B-F4AB-417A-A8CE-E903393ECC55}.Release|x64.ActiveCfg = Release|x64
		{4CA6842B-F4AB-417A-A8CE-E903393ECC55}.Release|x64.Build.0 = Release|x64
		{4CA6842B-F4AB-417A-A8CE-E903393ECC55}.Release|x86.ActiveCfg = Release|Win32
		{4CA6842B-F4AB-417A-A8CE-E903393ECC55}.Release|x86.Build.0 = Release|Win32
		{E3A72B50-D194-4499-B61A-C0E96FFE86CF}.Debug|Any CPU.ActiveCfg = Debug|Win32
		{E3A72B50-D194-4499-B61A-C0E96FFE86CF}.Debug|ARM.ActiveCfg = Debug|Win32
		{E3A72B50-D194-4499-B61A-C0E96FFE86CF}.Debug|ARM64.ActiveCfg = Debug|Win32
		{E3A72B50-D194-4499-B61A-C0E96FFE86CF}.Debug|x64.ActiveCfg = Debug|x64
		{E3A72B50-D194-4499-B61A-C0E96FFE86CF}.Debug|x64.Build.0 = Debug|x64
		{E3A72B50-D194-4499-B61A-C0E96FFE86CF}.Debug|x86.ActiveCfg = Debug|Win32
		{E3A72B50-D194-4499-B61A-C0E96FFE86CF}.Debug|x86.Build.0 = Debug|Win32
		{E3A72B50-D194-4499-B61A-C0E96FFE86CF}.Release|Any CPU.ActiveCfg = Release|Win32
		{E3A72B50-D194-4499-B61A-C0E96FFE86CF}.Release|ARM.ActiveCfg = Release|Win32
		{E3A72B50-D194-4499-B61A-C0E96FFE86CF}.Release|ARM64.ActiveCfg = Release|Win32
		{E3A72B50-D194-4499-B61A-C0E96FFE86CF}.Release|x64.ActiveCfg = Release|x64
		{E3A72B50-D194-4499-B61A-C0E96FFE86CF}.Release|x64.Build.0 = Release|x64
		{E3A72B50-D194-4499-B61A-C0E96FFE86CF}.Release|x86.ActiveCfg = Release|Win32
		{E3A72B50-D194-4499-B61A-C0E96FFE86CF}.Release|x86.Build.0 = Release|Win32
		{EAAD31B2-626B-4F64-9A4E-F2AF55268D44}.Debug|Any CPU.ActiveCfg = Debug|Any CPU
		{EAAD31B2-626B-4F64-9A4E-F2AF55268D44}.Debug|Any CPU.Build.0 = Debug|Any CPU
		{EAAD31B2-626B-4F64-9A4E-F2AF55268D44}.Debug|ARM.ActiveCfg = Debug|Any CPU
		{EAAD31B2-626B-4F64-9A4E-F2AF55268D44}.Debug|ARM.Build.0 = Debug|Any CPU
		{EAAD31B2-626B-4F64-9A4E-F2AF55268D44}.Debug|ARM64.ActiveCfg = Debug|Any CPU
		{EAAD31B2-626B-4F64-9A4E-F2AF55268D44}.Debug|ARM64.Build.0 = Debug|Any CPU
		{EAAD31B2-626B-4F64-9A4E-F2AF55268D44}.Debug|x64.ActiveCfg = Debug|Any CPU
		{EAAD31B2-626B-4F64-9A4E-F2AF55268D44}.Debug|x64.Build.0 = Debug|Any CPU
		{EAAD31B2-626B-4F64-9A4E-F2AF55268D44}.Debug|x86.ActiveCfg = Debug|Any CPU
		{EAAD31B2-626B-4F64-9A4E-F2AF55268D44}.Debug|x86.Build.0 = Debug|Any CPU
		{EAAD31B2-626B-4F64-9A4E-F2AF55268D44}.Release|Any CPU.ActiveCfg = Release|Any CPU
		{EAAD31B2-626B-4F64-9A4E-F2AF55268D44}.Release|Any CPU.Build.0 = Release|Any CPU
		{EAAD31B2-626B-4F64-9A4E-F2AF55268D44}.Release|ARM.ActiveCfg = Release|Any CPU
		{EAAD31B2-626B-4F64-9A4E-F2AF55268D44}.Release|ARM.Build.0 = Release|Any CPU
		{EAAD31B2-626B-4F64-9A4E-F2AF55268D44}.Release|ARM64.ActiveCfg = Release|Any CPU
		{EAAD31B2-626B-4F64-9A4E-F2AF55268D44}.Release|ARM64.Build.0 = Release|Any CPU
		{EAAD31B2-626B-4F64-9A4E-F2AF55268D44}.Release|x64.ActiveCfg = Release|Any CPU
		{EAAD31B2-626B-4F64-9A4E-F2AF55268D44}.Release|x64.Build.0 = Release|Any CPU
		{EAAD31B2-626B-4F64-9A4E-F2AF55268D44}.Release|x86.ActiveCfg = Release|Any CPU
		{EAAD31B2-626B-4F64-9A4E-F2AF55268D44}.Release|x86.Build.0 = Release|Any CPU
		{C31494BC-AB9A-4C89-9703-3EB727B17868}.Debug|Any CPU.ActiveCfg = Debug|Win32
		{C31494BC-AB9A-4C89-9703-3EB727B17868}.Debug|ARM.ActiveCfg = Debug|Win32
		{C31494BC-AB9A-4C89-9703-3EB727B17868}.Debug|ARM64.ActiveCfg = Debug|Win32
		{C31494BC-AB9A-4C89-9703-3EB727B17868}.Debug|x64.ActiveCfg = Debug|x64
		{C31494BC-AB9A-4C89-9703-3EB727B17868}.Debug|x64.Build.0 = Debug|x64
		{C31494BC-AB9A-4C89-9703-3EB727B17868}.Debug|x86.ActiveCfg = Debug|Win32
		{C31494BC-AB9A-4C89-9703-3EB727B17868}.Debug|x86.Build.0 = Debug|Win32
		{C31494BC-AB9A-4C89-9703-3EB727B17868}.Release|Any CPU.ActiveCfg = Release|Win32
		{C31494BC-AB9A-4C89-9703-3EB727B17868}.Release|ARM.ActiveCfg = Release|Win32
		{C31494BC-AB9A-4C89-9703-3EB727B17868}.Release|ARM64.ActiveCfg = Release|Win32
		{C31494BC-AB9A-4C89-9703-3EB727B17868}.Release|x64.ActiveCfg = Release|x64
		{C31494BC-AB9A-4C89-9703-3EB727B17868}.Release|x64.Build.0 = Release|x64
		{C31494BC-AB9A-4C89-9703-3EB727B17868}.Release|x86.ActiveCfg = Release|Win32
		{C31494BC-AB9A-4C89-9703-3EB727B17868}.Release|x86.Build.0 = Release|Win32
		{3821F0C4-E9D7-4E84-AAAF-4EC10CB7421D}.Debug|Any CPU.ActiveCfg = Debug|Win32
		{3821F0C4-E9D7-4E84-AAAF-4EC10CB7421D}.Debug|ARM.ActiveCfg = Debug|Win32
		{3821F0C4-E9D7-4E84-AAAF-4EC10CB7421D}.Debug|ARM64.ActiveCfg = Debug|Win32
		{3821F0C4-E9D7-4E84-AAAF-4EC10CB7421D}.Debug|x64.ActiveCfg = Debug|x64
		{3821F0C4-E9D7-4E84-AAAF-4EC10CB7421D}.Debug|x64.Build.0 = Debug|x64
		{3821F0C4-E9D7-4E84-AAAF-4EC10CB7421D}.Debug|x86.ActiveCfg = Debug|Win32
		{3821F0C4-E9D7-4E84-AAAF-4EC10CB7421D}.Debug|x86.Build.0 = Debug|Win32
		{3821F0C4-E9D7-4E84-AAAF-4EC10CB7421D}.Release|Any CPU.ActiveCfg = Release|Win32
		{3821F0C4-E9D7-4E84-AAAF-4EC10CB7421D}.Release|ARM.ActiveCfg = Release|Win32
		{3821F0C4-E9D7-4E84-AAAF-4EC10CB7421D}.Release|ARM64.ActiveCfg = Release|Win32
		{3821F0C4-E9D7-4E84-AAAF-4EC10CB7421D}.Release|x64.ActiveCfg = Release|x64
		{3821F0C4-E9D7-4E84-AAAF-4EC10CB7421D}.Release|x64.Build.0 = Release|x64
		{3821F0C4-E9D7-4E84-AAAF-4EC10CB7421D}.Release|x86.ActiveCfg = Release|Win32
		{3821F0C4-E9D7-4E84-AAAF-4EC10CB7421D}.Release|x86.Build.0 = Release|Win32
		{1A10AE05-71FB-47C5-8657-4DCFA34097E3}.Debug|Any CPU.ActiveCfg = Debug|x86
		{1A10AE05-71FB-47C5-8657-4DCFA34097E3}.Debug|ARM.ActiveCfg = Debug|ARM
		{1A10AE05-71FB-47C5-8657-4DCFA34097E3}.Debug|ARM.Build.0 = Debug|ARM
		{1A10AE05-71FB-47C5-8657-4DCFA34097E3}.Debug|ARM.Deploy.0 = Debug|ARM
		{1A10AE05-71FB-47C5-8657-4DCFA34097E3}.Debug|ARM64.ActiveCfg = Debug|ARM64
		{1A10AE05-71FB-47C5-8657-4DCFA34097E3}.Debug|ARM64.Build.0 = Debug|ARM64
		{1A10AE05-71FB-47C5-8657-4DCFA34097E3}.Debug|ARM64.Deploy.0 = Debug|ARM64
		{1A10AE05-71FB-47C5-8657-4DCFA34097E3}.Debug|x64.ActiveCfg = Debug|x64
		{1A10AE05-71FB-47C5-8657-4DCFA34097E3}.Debug|x64.Build.0 = Debug|x64
		{1A10AE05-71FB-47C5-8657-4DCFA34097E3}.Debug|x64.Deploy.0 = Debug|x64
		{1A10AE05-71FB-47C5-8657-4DCFA34097E3}.Debug|x86.ActiveCfg = Debug|x86
		{1A10AE05-71FB-47C5-8657-4DCFA34097E3}.Debug|x86.Build.0 = Debug|x86
		{1A10AE05-71FB-47C5-8657-4DCFA34097E3}.Debug|x86.Deploy.0 = Debug|x86
		{1A10AE05-71FB-47C5-8657-4DCFA34097E3}.Release|Any CPU.ActiveCfg = Release|x86
		{1A10AE05-71FB-47C5-8657-4DCFA34097E3}.Release|ARM.ActiveCfg = Release|ARM
		{1A10AE05-71FB-47C5-8657-4DCFA34097E3}.Release|ARM.Build.0 = Release|ARM
		{1A10AE05-71FB-47C5-8657-4DCFA34097E3}.Release|ARM.Deploy.0 = Release|ARM
		{1A10AE05-71FB-47C5-8657-4DCFA34097E3}.Release|ARM64.ActiveCfg = Release|ARM64
		{1A10AE05-71FB-47C5-8657-4DCFA34097E3}.Release|ARM64.Build.0 = Release|ARM64
		{1A10AE05-71FB-47C5-8657-4DCFA34097E3}.Release|ARM64.Deploy.0 = Release|ARM64
		{1A10AE05-71FB-47C5-8657-4DCFA34097E3}.Release|x64.ActiveCfg = Release|x64
		{1A10AE05-71FB-47C5-8657-4DCFA34097E3}.Release|x64.Build.0 = Release|x64
		{1A10AE05-71FB-47C5-8657-4DCFA34097E3}.Release|x64.Deploy.0 = Release|x64
		{1A10AE05-71FB-47C5-8657-4DCFA34097E3}.Release|x86.ActiveCfg = Release|x86
		{1A10AE05-71FB-47C5-8657-4DCFA34097E3}.Release|x86.Build.0 = Release|x86
		{1A10AE05-71FB-47C5-8657-4DCFA34097E3}.Release|x86.Deploy.0 = Release|x86
		{94520867-2423-4F20-B604-6DF1ADCA26C9}.Debug|Any CPU.ActiveCfg = Debug|Win32
		{94520867-2423-4F20-B604-6DF1ADCA26C9}.Debug|ARM.ActiveCfg = Debug|Win32
		{94520867-2423-4F20-B604-6DF1ADCA26C9}.Debug|ARM64.ActiveCfg = Debug|Win32
		{94520867-2423-4F20-B604-6DF1ADCA26C9}.Debug|x64.ActiveCfg = Debug|x64
		{94520867-2423-4F20-B604-6DF1ADCA26C9}.Debug|x64.Build.0 = Debug|x64
		{94520867-2423-4F20-B604-6DF1ADCA26C9}.Debug|x86.ActiveCfg = Debug|Win32
		{94520867-2423-4F20-B604-6DF1ADCA26C9}.Debug|x86.Build.0 = Debug|Win32
		{94520867-2423-4F20-B604-6DF1ADCA26C9}.Release|Any CPU.ActiveCfg = Release|Win32
		{94520867-2423-4F20-B604-6DF1ADCA26C9}.Release|ARM.ActiveCfg = Release|Win32
		{94520867-2423-4F20-B604-6DF1ADCA26C9}.Release|ARM64.ActiveCfg = Release|Win32
		{94520867-2423-4F20-B604-6DF1ADCA26C9}.Release|x64.ActiveCfg = Release|x64
		{94520867-2423-4F20-B604-6DF1ADCA26C9}.Release|x64.Build.0 = Release|x64
		{94520867-2423-4F20-B604-6DF1ADCA26C9}.Release|x86.ActiveCfg = Release|Win32
		{94520867-2423-4F20-B604-6DF1ADCA26C9}.Release|x86.Build.0 = Release|Win32
		{B12702AD-ABFB-343A-A199-8E24837244A3}.Debug|Any CPU.ActiveCfg = Debug|Win32
		{B12702AD-ABFB-343A-A199-8E24837244A3}.Debug|ARM.ActiveCfg = Debug|Win32
		{B12702AD-ABFB-343A-A199-8E24837244A3}.Debug|ARM64.ActiveCfg = Debug|Win32
		{B12702AD-ABFB-343A-A199-8E24837244A3}.Debug|x64.ActiveCfg = Debug|x64
		{B12702AD-ABFB-343A-A199-8E24837244A3}.Debug|x64.Build.0 = Debug|x64
		{B12702AD-ABFB-343A-A199-8E24837244A3}.Debug|x86.ActiveCfg = Debug|Win32
		{B12702AD-ABFB-343A-A199-8E24837244A3}.Debug|x86.Build.0 = Debug|Win32
		{B12702AD-ABFB-343A-A199-8E24837244A3}.Release|Any CPU.ActiveCfg = Release|Win32
		{B12702AD-ABFB-343A-A199-8E24837244A3}.Release|ARM.ActiveCfg = Release|Win32
		{B12702AD-ABFB-343A-A199-8E24837244A3}.Release|ARM64.ActiveCfg = Release|Win32
		{B12702AD-ABFB-343A-A199-8E24837244A3}.Release|x64.ActiveCfg = Release|x64
		{B12702AD-ABFB-343A-A199-8E24837244A3}.Release|x64.Build.0 = Release|x64
		{B12702AD-ABFB-343A-A199-8E24837244A3}.Release|x86.ActiveCfg = Release|Win32
		{B12702AD-ABFB-343A-A199-8E24837244A3}.Release|x86.Build.0 = Release|Win32
		{2933B44B-4286-412C-AD25-05A551DCA7EB}.Debug|Any CPU.ActiveCfg = Debug|Win32
		{2933B44B-4286-412C-AD25-05A551DCA7EB}.Debug|ARM.ActiveCfg = Debug|Win32
		{2933B44B-4286-412C-AD25-05A551DCA7EB}.Debug|ARM64.ActiveCfg = Debug|Win32
		{2933B44B-4286-412C-AD25-05A551DCA7EB}.Debug|x64.ActiveCfg = Debug|x64
		{2933B44B-4286-412C-AD25-05A551DCA7EB}.Debug|x64.Build.0 = Debug|x64
		{2933B44B-4286-412C-AD25-05A551DCA7EB}.Debug|x86.ActiveCfg = Debug|Win32
		{2933B44B-4286-412C-AD25-05A551DCA7EB}.Debug|x86.Build.0 = Debug|Win32
		{2933B44B-4286-412C-AD25-05A551DCA7EB}.Release|Any CPU.ActiveCfg = Release|Win32
		{2933B44B-4286-412C-AD25-05A551DCA7EB}.Release|ARM.ActiveCfg = Release|Win32
		{2933B44B-4286-412C-AD25-05A551DCA7EB}.Release|ARM64.ActiveCfg = Release|Win32
		{2933B44B-4286-412C-AD25-05A551DCA7EB}.Release|x64.ActiveCfg = Release|x64
		{2933B44B-4286-412C-AD25-05A551DCA7EB}.Release|x64.Build.0 = Release|x64
		{2933B44B-4286-412C-AD25-05A551DCA7EB}.Release|x86.ActiveCfg = Release|Win32
		{2933B44B-4286-412C-AD25-05A551DCA7EB}.Release|x86.Build.0 = Release|Win32
		{A8B808E2-0927-4893-BBDA-C4A5435AD189}.Debug|Any CPU.ActiveCfg = Debug|Win32
		{A8B808E2-0927-4893-BBDA-C4A5435AD189}.Debug|ARM.ActiveCfg = Debug|Win32
		{A8B808E2-0927-4893-BBDA-C4A5435AD189}.Debug|ARM64.ActiveCfg = Debug|Win32
		{A8B808E2-0927-4893-BBDA-C4A5435AD189}.Debug|x64.ActiveCfg = Debug|x64
		{A8B808E2-0927-4893-BBDA-C4A5435AD189}.Debug|x64.Build.0 = Debug|x64
		{A8B808E2-0927-4893-BBDA-C4A5435AD189}.Debug|x86.ActiveCfg = Debug|Win32
		{A8B808E2-0927-4893-BBDA-C4A5435AD189}.Debug|x86.Build.0 = Debug|Win32
		{A8B808E2-0927-4893-BBDA-C4A5435AD189}.Release|Any CPU.ActiveCfg = Release|Win32
		{A8B808E2-0927-4893-BBDA-C4A5435AD189}.Release|ARM.ActiveCfg = Release|Win32
		{A8B808E2-0927-4893-BBDA-C4A5435AD189}.Release|ARM64.ActiveCfg = Release|Win32
		{A8B808E2-0927-4893-BBDA-C4A5435AD189}.Release|x64.ActiveCfg = Release|x64
		{A8B808E2-0927-4893-BBDA-C4A5435AD189}.Release|x64.Build.0 = Release|x64
		{A8B808E2-0927-4893-BBDA-C4A5435AD189}.Release|x86.ActiveCfg = Release|Win32
		{A8B808E2-0927-4893-BBDA-C4A5435AD189}.Release|x86.Build.0 = Release|Win32
		{58FB2204-A938-4882-8E1F-8F11B91422F1}.Debug|Any CPU.ActiveCfg = Debug|Win32
		{58FB2204-A938-4882-8E1F-8F11B91422F1}.Debug|ARM.ActiveCfg = Debug|Win32
		{58FB2204-A938-4882-8E1F-8F11B91422F1}.Debug|ARM64.ActiveCfg = Debug|Win32
		{58FB2204-A938-4882-8E1F-8F11B91422F1}.Debug|x64.ActiveCfg = Debug|x64
		{58FB2204-A938-4882-8E1F-8F11B91422F1}.Debug|x64.Build.0 = Debug|x64
		{58FB2204-A938-4882-8E1F-8F11B91422F1}.Debug|x86.ActiveCfg = Debug|Win32
		{58FB2204-A938-4882-8E1F-8F11B91422F1}.Debug|x86.Build.0 = Debug|Win32
		{58FB2204-A938-4882-8E1F-8F11B91422F1}.Release|Any CPU.ActiveCfg = Release|Win32
		{58FB2204-A938-4882-8E1F-8F11B91422F1}.Release|ARM.ActiveCfg = Release|Win32
		{58FB2204-A938-4882-8E1F-8F11B91422F1}.Release|ARM64.ActiveCfg = Release|Win32
		{58FB2204-A938-4882-8E1F-8F11B91422F1}.Release|x64.ActiveCfg = Release|x64
		{58FB2204-A938-4882-8E1F-8F11B91422F1}.Release|x64.Build.0 = Release|x64
		{58FB2204-A938-4882-8E1F-8F11B91422F1}.Release|x86.ActiveCfg = Release|Win32
		{58FB2204-A938-4882-8E1F-8F11B91422F1}.Release|x86.Build.0 = Release|Win32
	EndGlobalSection
	GlobalSection(SolutionProperties) = preSolution
		HideSolutionNode = FALSE
	EndGlobalSection
	GlobalSection(ExtensibilityGlobals) = postSolution
		SolutionGuid = {79467199-B4BC-4D15-8E24-28C3CD07A392}
	EndGlobalSection
EndGlobal
