<?xml version="1.0" encoding="utf-8"?>
<Project ToolsVersion="4.0" xmlns="http://schemas.microsoft.com/developer/msbuild/2003">
  <ItemGroup>
    <Filter Include="소스 파일">
      <UniqueIdentifier>{4FC737F1-C7A5-4376-A066-2A32D752A2FF}</UniqueIdentifier>
      <Extensions>cpp;c;cc;cxx;def;odl;idl;hpj;bat;asm;asmx</Extensions>
    </Filter>
    <Filter Include="헤더 파일">
      <UniqueIdentifier>{93995380-89BD-4b04-88EB-625FBE52EBFB}</UniqueIdentifier>
      <Extensions>h;hh;hpp;hxx;hm;inl;inc;xsd</Extensions>
    </Filter>
    <Filter Include="리소스 파일">
      <UniqueIdentifier>{67DA6AB6-F800-4c08-8B7A-83BB121AAD01}</UniqueIdentifier>
      <Extensions>rc;ico;cur;bmp;dlg;rc2;rct;bin;rgs;gif;jpg;jpeg;jpe;resx;tiff;tif;png;wav;mfcribbon-ms</Extensions>
    </Filter>
    <Filter Include="소스 파일\Ex3 클래스와 객체">
      <UniqueIdentifier>{29147df2-50be-491d-9125-138a7d6bddf5}</UniqueIdentifier>
    </Filter>
    <Filter Include="소스 파일\Ex3 클래스와 객체\파일분할">
      <UniqueIdentifier>{2c7f088d-2802-41bb-8cbc-348e847cb385}</UniqueIdentifier>
    </Filter>
    <Filter Include="소스 파일\Ex4 객체포인터와 객체배열, 객체의 동적생성">
      <UniqueIdentifier>{9f9b2699-cc06-4634-86f7-5c4502f06921}</UniqueIdentifier>
    </Filter>
    <Filter Include="소스 파일\Ex5 함수와 참조, 복사 생성자">
      <UniqueIdentifier>{60abdd40-6f4a-4f3e-917f-311525434b2a}</UniqueIdentifier>
    </Filter>
  </ItemGroup>
  <ItemGroup>
    <ClInclude Include="BookClass.h">
      <Filter>소스 파일</Filter>
    </ClInclude>
    <ClInclude Include="HighCreditAccount.h">
      <Filter>소스 파일</Filter>
    </ClInclude>
    <ClInclude Include="NameCard2.h">
      <Filter>소스 파일</Filter>
    </ClInclude>
    <ClInclude Include="namespace.h">
      <Filter>소스 파일</Filter>
    </ClInclude>
    <ClInclude Include="Ram.h">
      <Filter>소스 파일\Ex3 클래스와 객체</Filter>
    </ClInclude>
    <ClInclude Include="Circle.h">
      <Filter>소스 파일\Ex3 클래스와 객체\파일분할</Filter>
    </ClInclude>
    <ClInclude Include="Point2.h">
      <Filter>소스 파일\Ex3 클래스와 객체\파일분할</Filter>
    </ClInclude>
    <ClInclude Include="Ring.h">
      <Filter>소스 파일\Ex3 클래스와 객체\파일분할</Filter>
    </ClInclude>
    <ClInclude Include="NameCard.h">
      <Filter>소스 파일\Ex5 함수와 참조, 복사 생성자</Filter>
    </ClInclude>
    <ClInclude Include="6.friend와 staric 그리고 const\OOP수업\Date.h">
      <Filter>헤더 파일</Filter>
    </ClInclude>
    <ClInclude Include="6.friend와 staric 그리고 const\OOP수업\Employee.h">
      <Filter>헤더 파일</Filter>
    </ClInclude>
    <ClInclude Include="6.friend와 staric 그리고 const\OOP수업\hw_Date.h">
      <Filter>헤더 파일</Filter>
    </ClInclude>
    <ClInclude Include="OOP_Project\AccountHandler.h">
      <Filter>소스 파일</Filter>
    </ClInclude>
    <ClInclude Include="OOP_Project\AccountArray.h">
      <Filter>소스 파일</Filter>
    </ClInclude>
    <ClInclude Include="OOP_Project\Account.h">
      <Filter>소스 파일</Filter>
    </ClInclude>
    <ClInclude Include="4.클래스의 완성\miscelleneous\FruitsBuyer.h">
      <Filter>소스 파일</Filter>
    </ClInclude>
    <ClInclude Include="4.클래스의 완성\miscelleneous\FruitsSeller.h">
      <Filter>소스 파일</Filter>
    </ClInclude>
    <ClInclude Include="4.클래스의 완성\miscelleneous\Point.h">
      <Filter>소스 파일\Ex3 클래스와 객체</Filter>
    </ClInclude>
    <ClInclude Include="4.클래스의 완성\miscelleneous\Rectangle.h">
      <Filter>소스 파일\Ex3 클래스와 객체</Filter>
    </ClInclude>
    <ClInclude Include="OOP_Project\BankingCommonDecl.h">
      <Filter>소스 파일</Filter>
    </ClInclude>
    <ClInclude Include="OOP_Project\NormalAccount.h">
      <Filter>소스 파일</Filter>
    </ClInclude>
  </ItemGroup>
  <ItemGroup>
    <ClCompile Include="Accumulator.cpp">
      <Filter>소스 파일</Filter>
    </ClCompile>
    <ClCompile Include="c_Ex.cpp">
      <Filter>소스 파일</Filter>
    </ClCompile>
    <ClCompile Include="ConsoleOutput.cpp">
      <Filter>소스 파일</Filter>
    </ClCompile>
    <ClCompile Include="EmployeeManager1.cpp">
      <Filter>소스 파일</Filter>
    </ClCompile>
    <ClCompile Include="ex8_3.cpp">
      <Filter>소스 파일</Filter>
    </ClCompile>
    <ClCompile Include="ex8_5.cpp">
      <Filter>소스 파일</Filter>
    </ClCompile>
    <ClCompile Include="ex8_7.cpp">
      <Filter>소스 파일</Filter>
    </ClCompile>
    <ClCompile Include="ex8_8.cpp">
      <Filter>소스 파일</Filter>
    </ClCompile>
    <ClCompile Include="File.cpp">
      <Filter>소스 파일</Filter>
    </ClCompile>
    <ClCompile Include="Function in  Struct.cpp">
      <Filter>소스 파일</Filter>
    </ClCompile>
    <ClCompile Include="FunctionOverloading.cpp">
      <Filter>소스 파일</Filter>
    </ClCompile>
    <ClCompile Include="FunctionOverride.cpp">
      <Filter>소스 파일</Filter>
    </ClCompile>
    <ClCompile Include="Generic Class.cpp">
      <Filter>소스 파일</Filter>
    </ClCompile>
    <ClCompile Include="Generic.cpp">
      <Filter>소스 파일</Filter>
    </ClCompile>
    <ClCompile Include="Graph.c">
      <Filter>소스 파일</Filter>
    </ClCompile>
    <ClCompile Include="Graph.cpp">
      <Filter>소스 파일</Filter>
    </ClCompile>
    <ClCompile Include="HASComposite.cpp">
      <Filter>소스 파일</Filter>
    </ClCompile>
    <ClCompile Include="inheritance.cpp">
      <Filter>소스 파일</Filter>
    </ClCompile>
    <ClCompile Include="inheritance2.cpp">
      <Filter>소스 파일</Filter>
    </ClCompile>
    <ClCompile Include="inheritance3.cpp">
      <Filter>소스 파일</Filter>
    </ClCompile>
    <ClCompile Include="inheritance4.cpp">
      <Filter>소스 파일</Filter>
    </ClCompile>
    <ClCompile Include="InheritAssignOperation.cpp">
      <Filter>소스 파일</Filter>
    </ClCompile>
    <ClCompile Include="inline function.cpp">
      <Filter>소스 파일</Filter>
    </ClCompile>
    <ClCompile Include="main.c">
      <Filter>소스 파일</Filter>
    </ClCompile>
    <ClCompile Include="NameCard2.cpp">
      <Filter>소스 파일</Filter>
    </ClCompile>
    <ClCompile Include="NameCard2Main.cpp">
      <Filter>소스 파일</Filter>
    </ClCompile>
    <ClCompile Include="namespace.cpp">
      <Filter>소스 파일</Filter>
    </ClCompile>
    <ClCompile Include="namespace2.cpp">
      <Filter>소스 파일</Filter>
    </ClCompile>
    <ClCompile Include="new_delete.cpp">
      <Filter>소스 파일</Filter>
    </ClCompile>
    <ClCompile Include="ObjectPointer.cpp">
      <Filter>소스 파일</Filter>
    </ClCompile>
    <ClCompile Include="PointConsoleOutput.cpp">
      <Filter>소스 파일</Filter>
    </ClCompile>
    <ClCompile Include="PointMultipleOperation.cpp">
      <Filter>소스 파일</Filter>
    </ClCompile>
    <ClCompile Include="reference.cpp">
      <Filter>소스 파일</Filter>
    </ClCompile>
    <ClCompile Include="ReferenceAttribute.cpp">
      <Filter>소스 파일</Filter>
    </ClCompile>
    <ClCompile Include="RefReturnOne.cpp">
      <Filter>소스 파일</Filter>
    </ClCompile>
    <ClCompile Include="StableConstArraySolu.cpp">
      <Filter>소스 파일</Filter>
    </ClCompile>
    <ClCompile Include="StablePointPtrArray.cpp">
      <Filter>소스 파일</Filter>
    </ClCompile>
    <ClCompile Include="struct_LinkedList.cpp">
      <Filter>소스 파일</Filter>
    </ClCompile>
    <ClCompile Include="Test_LinkedList.c">
      <Filter>소스 파일</Filter>
    </ClCompile>
    <ClCompile Include="VirtualDestructor.cpp">
      <Filter>소스 파일</Filter>
    </ClCompile>
    <ClCompile Include="연산자 재정의.cpp">
      <Filter>소스 파일</Filter>
    </ClCompile>
    <ClCompile Include="Ram.cpp">
      <Filter>소스 파일\Ex3 클래스와 객체</Filter>
    </ClCompile>
    <ClCompile Include="Ram_main.cpp">
      <Filter>소스 파일\Ex3 클래스와 객체</Filter>
    </ClCompile>
    <ClCompile Include="Rect_main.cpp">
      <Filter>소스 파일\Ex3 클래스와 객체</Filter>
    </ClCompile>
    <ClCompile Include="main.cpp">
      <Filter>소스 파일\Ex3 클래스와 객체\파일분할</Filter>
    </ClCompile>
    <ClCompile Include="NameCard.cpp">
      <Filter>소스 파일\Ex5 함수와 참조, 복사 생성자</Filter>
    </ClCompile>
    <ClCompile Include="5.복사 생성자%28CopyConstructor%29\[Open Challenge] Morse_converter.cpp">
      <Filter>소스 파일\Ex5 함수와 참조, 복사 생성자</Filter>
    </ClCompile>
    <ClCompile Include="4.클래스의 완성\[Open Challenge] Tailgame++.cpp">
      <Filter>소스 파일</Filter>
    </ClCompile>
    <ClCompile Include="6.friend와 staric 그리고 const\ConstOverloading.cpp">
      <Filter>소스 파일</Filter>
    </ClCompile>
    <ClCompile Include="5.복사 생성자%28CopyConstructor%29\CopyConstructor.cpp">
      <Filter>소스 파일</Filter>
    </ClCompile>
    <ClCompile Include="6.friend와 staric 그리고 const\MyFriendClass.cpp">
      <Filter>소스 파일</Filter>
    </ClCompile>
    <ClCompile Include="6.friend와 staric 그리고 const\MyFriendFunction.cpp">
      <Filter>소스 파일</Filter>
    </ClCompile>
    <ClCompile Include="5.복사 생성자(CopyConstructor)\생성자와 소멸자의 호출시기 예제.cpp">
      <Filter>소스 파일</Filter>
    </ClCompile>
    <ClCompile Include="6.friend와 staric 그리고 const\NeedGlobal.cpp">
      <Filter>소스 파일</Filter>
    </ClCompile>
    <ClCompile Include="5.복사 생성자%28CopyConstructor%29\5_5.cpp">
      <Filter>소스 파일</Filter>
    </ClCompile>
    <ClCompile Include="5.복사 생성자%28CopyConstructor%29\5_7.cpp">
      <Filter>소스 파일</Filter>
    </ClCompile>
    <ClCompile Include="5.복사 생성자%28CopyConstructor%29\5_8.cpp">
      <Filter>소스 파일</Filter>
    </ClCompile>
    <ClCompile Include="6.friend와 staric 그리고 const\OOP수업\Date.cpp">
      <Filter>소스 파일</Filter>
    </ClCompile>
    <ClCompile Include="6.friend와 staric 그리고 const\OOP수업\Date_main.cpp">
      <Filter>소스 파일</Filter>
    </ClCompile>
    <ClCompile Include="6.friend와 staric 그리고 const\OOP수업\Employee.cpp">
      <Filter>소스 파일</Filter>
    </ClCompile>
    <ClCompile Include="6.friend와 staric 그리고 const\OOP수업\Employee_main.cpp">
      <Filter>소스 파일</Filter>
    </ClCompile>
    <ClCompile Include="6.friend와 staric 그리고 const\OOP수업\friend.cpp">
      <Filter>소스 파일</Filter>
    </ClCompile>
    <ClCompile Include="6.friend와 staric 그리고 const\OOP수업\hw_main6.cpp">
      <Filter>소스 파일</Filter>
    </ClCompile>
    <ClCompile Include="6.friend와 staric 그리고 const\OOP수업\hw_Date.cpp">
      <Filter>소스 파일</Filter>
    </ClCompile>
    <ClCompile Include="10.연산자오버로딩1\FirstOperationOverloading.cpp">
      <Filter>소스 파일</Filter>
    </ClCompile>
    <ClCompile Include="10.연산자오버로딩1\GFunctionOverloading.cpp">
      <Filter>소스 파일</Filter>
    </ClCompile>
    <ClCompile Include="10.연산자오버로딩1\OneOpndOverloading.cpp">
      <Filter>소스 파일</Filter>
    </ClCompile>
    <ClCompile Include="10.연산자오버로딩1\PostOpndOverloading.cpp">
      <Filter>소스 파일</Filter>
    </ClCompile>
    <ClCompile Include="13.템플릿%28Template%291\Template.cpp">
      <Filter>소스 파일</Filter>
    </ClCompile>
    <ClCompile Include="4.클래스의 완성\SelfRef.cpp">
      <Filter>소스 파일</Filter>
    </ClCompile>
    <ClCompile Include="4.클래스의 완성\PointerThiscpp.cpp">
      <Filter>소스 파일</Filter>
    </ClCompile>
    <ClCompile Include="4.클래스의 완성\Destructor.cpp">
      <Filter>소스 파일</Filter>
    </ClCompile>
    <ClCompile Include="OOP_Project\BankingSystemMain.cpp">
      <Filter>소스 파일</Filter>
    </ClCompile>
    <ClCompile Include="OOP_Project\AccountHandler.cpp">
      <Filter>소스 파일</Filter>
    </ClCompile>
    <ClCompile Include="OOP_Project\AccountArray.cpp">
      <Filter>소스 파일</Filter>
    </ClCompile>
    <ClCompile Include="OOP_Project\Account.cpp">
      <Filter>소스 파일</Filter>
    </ClCompile>
    <ClCompile Include="4.클래스의 완성\miscelleneous\FruitScleSlim1.cpp">
      <Filter>소스 파일</Filter>
    </ClCompile>
    <ClCompile Include="4.클래스의 완성\miscelleneous\Point.cpp">
      <Filter>소스 파일\Ex3 클래스와 객체</Filter>
    </ClCompile>
    <ClCompile Include="4.클래스의 완성\miscelleneous\Rectangle.cpp">
      <Filter>소스 파일\Ex3 클래스와 객체</Filter>
    </ClCompile>
    <ClCompile Include="5.복사 생성자(CopyConstructor)\ReturnObjCopyCon.cpp">
      <Filter>소스 파일</Filter>
    </ClCompile>
    <ClCompile Include="5.복사 생성자(CopyConstructor)\PassObjCopycon.cpp">
      <Filter>소스 파일</Filter>
    </ClCompile>
    <ClCompile Include="OOP_Project\OOP1.cpp">
      <Filter>소스 파일</Filter>
    </ClCompile>
    <ClCompile Include="6.friend와 staric 그리고 const\PublicStaticMember.cpp">
      <Filter>소스 파일</Filter>
    </ClCompile>
    <ClCompile Include="6.friend와 staric 그리고 const\StaticMember.cpp">
      <Filter>소스 파일</Filter>
    </ClCompile>
  </ItemGroup>
</Project>