<?xml version="1.0" encoding="utf-8"?>
<Project ToolsVersion="4.0" xmlns="http://schemas.microsoft.com/developer/msbuild/2003">
  <ItemGroup>
    <Filter Include="소스 파일">
      <UniqueIdentifier>{4FC737F1-C7A5-4376-A066-2A32D752A2FF}</UniqueIdentifier>
      <Extensions>cpp;c;cc;cxx;def;odl;idl;hpj;bat;asm;asmx</Extensions>
    </Filter>
    <Filter Include="헤더 파일">
      <UniqueIdentifier>{93995380-89BD-4b04-88EB-625FBE52EBFB}</UniqueIdentifier>
      <Extensions>h;hh;hpp;hxx;hm;inl;inc;ipp;xsd</Extensions>
    </Filter>
    <Filter Include="리소스 파일">
      <UniqueIdentifier>{67DA6AB6-F800-4c08-8B7A-83BB121AAD01}</UniqueIdentifier>
      <Extensions>rc;ico;cur;bmp;dlg;rc2;rct;bin;rgs;gif;jpg;jpeg;jpe;resx;tiff;tif;png;wav;mfcribbon-ms</Extensions>
    </Filter>
  </ItemGroup>
  <ItemGroup>
    <ClCompile Include="16장.cpp">
      <Filter>소스 파일</Filter>
    </ClCompile>
    <ClCompile Include="Algorithm.c">
      <Filter>소스 파일</Filter>
    </ClCompile>
    <ClCompile Include="all_about_list.cpp">
      <Filter>소스 파일</Filter>
    </ClCompile>
    <ClCompile Include="arctan2.c">
      <Filter>소스 파일</Filter>
    </ClCompile>
    <ClCompile Include="b1.cpp">
      <Filter>소스 파일</Filter>
    </ClCompile>
    <ClCompile Include="b2.cpp">
      <Filter>소스 파일</Filter>
    </ClCompile>
    <ClCompile Include="b3.cpp">
      <Filter>소스 파일</Filter>
    </ClCompile>
    <ClCompile Include="bit.c">
      <Filter>소스 파일</Filter>
    </ClCompile>
    <ClCompile Include="bit_field.c">
      <Filter>소스 파일</Filter>
    </ClCompile>
    <ClCompile Include="Display_number.cpp">
      <Filter>소스 파일</Filter>
    </ClCompile>
    <ClCompile Include="DistanceEstimator.cpp">
      <Filter>소스 파일</Filter>
    </ClCompile>
    <ClCompile Include="Encode.c">
      <Filter>소스 파일</Filter>
    </ClCompile>
    <ClCompile Include="Equal Stacks.cpp">
      <Filter>소스 파일</Filter>
    </ClCompile>
    <ClCompile Include="Error.cpp">
      <Filter>소스 파일</Filter>
    </ClCompile>
    <ClCompile Include="Essential Function.c">
      <Filter>소스 파일</Filter>
    </ClCompile>
    <ClCompile Include="Find_the_element_that_appears_once.cpp">
      <Filter>소스 파일</Filter>
    </ClCompile>
    <ClCompile Include="gfg.cpp">
      <Filter>소스 파일</Filter>
    </ClCompile>
    <ClCompile Include="HanoiTowerSolu.cpp">
      <Filter>소스 파일</Filter>
    </ClCompile>
    <ClCompile Include="If문 문제.cpp">
      <Filter>소스 파일</Filter>
    </ClCompile>
    <ClCompile Include="isPangram2.cpp">
      <Filter>소스 파일</Filter>
    </ClCompile>
    <ClCompile Include="KdTree.cpp">
      <Filter>소스 파일</Filter>
    </ClCompile>
    <ClCompile Include="knapsack.cpp">
      <Filter>소스 파일</Filter>
    </ClCompile>
    <ClCompile Include="knapsack_ex.cpp">
      <Filter>소스 파일</Filter>
    </ClCompile>
    <ClCompile Include="knapsack2.cpp">
      <Filter>소스 파일</Filter>
    </ClCompile>
    <ClCompile Include="Largest Rectangle.cpp">
      <Filter>소스 파일</Filter>
    </ClCompile>
    <ClCompile Include="LCS.cpp">
      <Filter>소스 파일</Filter>
    </ClCompile>
    <ClCompile Include="LCSubsequnce2.cpp">
      <Filter>소스 파일</Filter>
    </ClCompile>
    <ClCompile Include="LRU_gfg.cpp">
      <Filter>소스 파일</Filter>
    </ClCompile>
    <ClCompile Include="LRU_kakao.cpp">
      <Filter>소스 파일</Filter>
    </ClCompile>
    <ClCompile Include="LRU2.cpp">
      <Filter>소스 파일</Filter>
    </ClCompile>
    <ClCompile Include="n-gram.c">
      <Filter>소스 파일</Filter>
    </ClCompile>
    <ClCompile Include="N으로 표현.cpp">
      <Filter>소스 파일</Filter>
    </ClCompile>
    <ClCompile Include="계산기.cpp">
      <Filter>소스 파일</Filter>
    </ClCompile>
    <ClCompile Include="계산기_예제.cpp">
      <Filter>소스 파일</Filter>
    </ClCompile>
    <ClCompile Include="계산기_필사.cpp">
      <Filter>소스 파일</Filter>
    </ClCompile>
    <ClCompile Include="기능개발.cpp">
      <Filter>소스 파일</Filter>
    </ClCompile>
    <ClCompile Include="다트게임.cpp">
      <Filter>소스 파일</Filter>
    </ClCompile>
    <ClCompile Include="단어변환.cpp">
      <Filter>소스 파일</Filter>
    </ClCompile>
    <ClCompile Include="배열회전.cpp">
      <Filter>소스 파일</Filter>
    </ClCompile>
    <ClCompile Include="블럭 없애기_미해결.cpp">
      <Filter>소스 파일</Filter>
    </ClCompile>
    <ClCompile Include="비밀지도.cpp">
      <Filter>소스 파일</Filter>
    </ClCompile>
    <ClCompile Include="안녕.cpp">
      <Filter>소스 파일</Filter>
    </ClCompile>
    <ClCompile Include="안녕_예제.cpp">
      <Filter>소스 파일</Filter>
    </ClCompile>
    <ClCompile Include="어디에 단어가 들어갈 수 있을까.cpp">
      <Filter>소스 파일</Filter>
    </ClCompile>
    <ClCompile Include="조교의성적매기기.cpp">
      <Filter>소스 파일</Filter>
    </ClCompile>
    <ClCompile Include="중간 평균값 구하기.cpp">
      <Filter>소스 파일</Filter>
    </ClCompile>
    <ClCompile Include="회문1.c">
      <Filter>소스 파일</Filter>
    </ClCompile>
    <ClCompile Include="수학\소수\1978+%28Is_prime%29.cpp">
      <Filter>소스 파일</Filter>
    </ClCompile>
    <ClCompile Include="수학\소수\2960+%28Eratos%29.cpp">
      <Filter>소스 파일</Filter>
    </ClCompile>
    <ClCompile Include="수학\6588.cpp">
      <Filter>소스 파일</Filter>
    </ClCompile>
    <ClCompile Include="BOJ\17807.cpp">
      <Filter>소스 파일</Filter>
    </ClCompile>
    <ClCompile Include="BOJ\1378.cpp">
      <Filter>소스 파일</Filter>
    </ClCompile>
    <ClCompile Include="진법\8진수, 16진수, 10진수.c">
      <Filter>소스 파일</Filter>
    </ClCompile>
    <ClCompile Include="진법\이진수 표현.cpp">
      <Filter>소스 파일</Filter>
    </ClCompile>
    <ClCompile Include="입출력\입력 받은 대로 출력.c">
      <Filter>소스 파일</Filter>
    </ClCompile>
    <ClCompile Include="BackTracking\NQueens.cpp">
      <Filter>소스 파일</Filter>
    </ClCompile>
    <ClCompile Include="BackTracking\Test_NQueens.c">
      <Filter>소스 파일</Filter>
    </ClCompile>
    <ClCompile Include="진법\1373.cpp">
      <Filter>소스 파일</Filter>
    </ClCompile>
    <ClCompile Include="진법\1212.cpp">
      <Filter>소스 파일</Filter>
    </ClCompile>
    <ClCompile Include="진법\2089.cpp">
      <Filter>소스 파일</Filter>
    </ClCompile>
    <ClCompile Include="수학\17087.cpp">
      <Filter>소스 파일</Filter>
    </ClCompile>
    <ClCompile Include="수학\17103.cpp">
      <Filter>소스 파일</Filter>
    </ClCompile>
    <ClCompile Include="Algospot\binomial_coefficient.cpp">
      <Filter>소스 파일</Filter>
    </ClCompile>
    <ClCompile Include="DP\9095.cpp">
      <Filter>소스 파일</Filter>
    </ClCompile>
    <ClCompile Include="DP\14002++%28LIS_print%29.cpp">
      <Filter>소스 파일</Filter>
    </ClCompile>
    <ClCompile Include="DP\[Navis] 자연수 합 N의 경우의 수.cpp">
      <Filter>소스 파일</Filter>
    </ClCompile>
    <ClCompile Include="DP\[Navis]X,Y입력%28+1%29%28-1%29.cpp">
      <Filter>소스 파일</Filter>
    </ClCompile>
    <ClCompile Include="DP\10844+%28쉬운 계단수%29.cpp">
      <Filter>소스 파일</Filter>
    </ClCompile>
    <ClCompile Include="DP\11722.cpp">
      <Filter>소스 파일</Filter>
    </ClCompile>
    <ClCompile Include="DP\9465+%28스티커%29.cpp">
      <Filter>소스 파일</Filter>
    </ClCompile>
    <ClCompile Include="SDS문제\sds2_1.cpp">
      <Filter>소스 파일</Filter>
    </ClCompile>
    <ClCompile Include="SDS문제\sds2_2.cpp">
      <Filter>소스 파일</Filter>
    </ClCompile>
    <ClCompile Include="Algospot\Quadtree.cpp">
      <Filter>소스 파일</Filter>
    </ClCompile>
  </ItemGroup>
  <ItemGroup>
    <ClInclude Include="DistanceEstimator.h">
      <Filter>헤더 파일</Filter>
    </ClInclude>
    <ClInclude Include="BackTracking\NQueens.h">
      <Filter>헤더 파일</Filter>
    </ClInclude>
  </ItemGroup>
  <ItemGroup>
    <None Include="Image Struct &amp; Allocation, Load" />
  </ItemGroup>
  <ItemGroup>
    <Text Include="input.txt" />
    <Text Include="SystemSW(2)_Lecture_Summary.txt" />
    <Text Include="DP\DP.txt" />
  </ItemGroup>
</Project>